{
  "requires": true,
  "lockfileVersion": 1,
  "dependencies": {
    "@babel/runtime": {
      "version": "7.22.10",
      "resolved": "https://registry.npmjs.org/@babel/runtime/-/runtime-7.22.10.tgz",
      "integrity": "sha512-21t/fkKLMZI4pqP2wlmsQAWnYW1PDyKyyUV4vCi+B25ydmdaYTKXPwCj0BzSUnZf4seIiYvSA3jcZ3gdsMFkLQ==",
      "requires": {
        "regenerator-runtime": "^0.14.0"
      }
    },
    "@emotion/cache": {
      "version": "11.11.0",
      "resolved": "https://registry.npmjs.org/@emotion/cache/-/cache-11.11.0.tgz",
      "integrity": "sha512-P34z9ssTCBi3e9EI1ZsWpNHcfY1r09ZO0rZbRO2ob3ZQMnFI35jB536qoXbkdesr5EUhYi22anuEJuyxifaqAQ==",
      "requires": {
        "@emotion/memoize": "^0.8.1",
        "@emotion/sheet": "^1.2.2",
        "@emotion/utils": "^1.2.1",
        "@emotion/weak-memoize": "^0.3.1",
        "stylis": "4.2.0"
      }
    },
    "@emotion/is-prop-valid": {
      "version": "1.2.1",
      "resolved": "https://registry.npmjs.org/@emotion/is-prop-valid/-/is-prop-valid-1.2.1.tgz",
      "integrity": "sha512-61Mf7Ufx4aDxx1xlDeOm8aFFigGHE4z+0sKCa+IHCeZKiyP9RLD0Mmx7m8b9/Cf37f7NAvQOOJAbQQGVr5uERw==",
      "requires": {
        "@emotion/memoize": "^0.8.1"
      }
    },
    "@emotion/memoize": {
      "version": "0.8.1",
      "resolved": "https://registry.npmjs.org/@emotion/memoize/-/memoize-0.8.1.tgz",
      "integrity": "sha512-W2P2c/VRW1/1tLox0mVUalvnWXxavmv/Oum2aPsRcoDJuob75FC3Y8FbpfLwUegRcxINtGUMPq0tFCvYNTBXNA=="
    },
    "@emotion/sheet": {
      "version": "1.2.2",
      "resolved": "https://registry.npmjs.org/@emotion/sheet/-/sheet-1.2.2.tgz",
      "integrity": "sha512-0QBtGvaqtWi+nx6doRwDdBIzhNdZrXUppvTM4dtZZWEGTXL/XE/yJxLMGlDT1Gt+UHH5IX1n+jkXyytE/av7OA=="
    },
    "@emotion/utils": {
      "version": "1.2.1",
      "resolved": "https://registry.npmjs.org/@emotion/utils/-/utils-1.2.1.tgz",
      "integrity": "sha512-Y2tGf3I+XVnajdItskUCn6LX+VUDmP6lTL4fcqsXAv43dnlbZiuW4MWQW38rW/BVWSE7Q/7+XQocmpnRYILUmg=="
    },
    "@emotion/weak-memoize": {
      "version": "0.3.1",
      "resolved": "https://registry.npmjs.org/@emotion/weak-memoize/-/weak-memoize-0.3.1.tgz",
      "integrity": "sha512-EsBwpc7hBUJWAsNPBmJy4hxWx12v6bshQsldrVmjxJoc3isbxhOrF2IcCpaXxfvq03NwkI7sbsOLXbYuqF/8Ww=="
    },
    "@mui/base": {
      "version": "5.0.0-beta.10",
      "resolved": "https://registry.npmjs.org/@mui/base/-/base-5.0.0-beta.10.tgz",
      "integrity": "sha512-moTAhGwFfQffj7hsu61FnqcGqVcd53A1CrOhnskM9TF0Uh2rnLDMCuar4JRUWWpaJofAfQEbQBBFPadFQLI4PA==",
      "requires": {
        "@babel/runtime": "^7.22.6",
        "@emotion/is-prop-valid": "^1.2.1",
        "@mui/types": "^7.2.4",
        "@mui/utils": "^5.14.4",
        "@popperjs/core": "^2.11.8",
        "clsx": "^2.0.0",
        "prop-types": "^15.8.1",
        "react-is": "^18.2.0"
      }
    },
    "@mui/lab": {
      "version": "5.0.0-alpha.139",
      "resolved": "https://registry.npmjs.org/@mui/lab/-/lab-5.0.0-alpha.139.tgz",
      "integrity": "sha512-YlKKELtGZEpd3Hj9cUo6ekwB6RSDzGBw+LlaCBntudhVb4aRn5mQYFej3BYn6fOYz5335jkTgvBt0sEwlSo4qA==",
      "requires": {
        "@babel/runtime": "^7.22.6",
        "@mui/base": "5.0.0-beta.10",
        "@mui/system": "^5.14.4",
        "@mui/types": "^7.2.4",
        "@mui/utils": "^5.14.4",
        "clsx": "^2.0.0",
        "prop-types": "^15.8.1",
        "react-is": "^18.2.0"
      }
    },
    "@mui/private-theming": {
      "version": "5.14.4",
      "resolved": "https://registry.npmjs.org/@mui/private-theming/-/private-theming-5.14.4.tgz",
      "integrity": "sha512-ISXsHDiQ3z1XA4IuKn+iXDWvDjcz/UcQBiFZqtdoIsEBt8CB7wgdQf3LwcwqO81dl5ofg/vNQBEnXuKfZHrnYA==",
      "requires": {
        "@babel/runtime": "^7.22.6",
        "@mui/utils": "^5.14.4",
        "prop-types": "^15.8.1"
      }
    },
    "@mui/styled-engine": {
      "version": "5.13.2",
      "resolved": "https://registry.npmjs.org/@mui/styled-engine/-/styled-engine-5.13.2.tgz",
      "integrity": "sha512-VCYCU6xVtXOrIN8lcbuPmoG+u7FYuOERG++fpY74hPpEWkyFQG97F+/XfTQVYzlR2m7nPjnwVUgATcTCMEaMvw==",
      "requires": {
        "@babel/runtime": "^7.21.0",
        "@emotion/cache": "^11.11.0",
        "csstype": "^3.1.2",
        "prop-types": "^15.8.1"
      }
    },
    "@mui/system": {
      "version": "5.14.4",
      "resolved": "https://registry.npmjs.org/@mui/system/-/system-5.14.4.tgz",
      "integrity": "sha512-oPgfWS97QNfHcDBapdkZIs4G5i85BJt69Hp6wbXF6s7vi3Evcmhdk8AbCRW6n0sX4vTj8oe0mh0RIm1G2A1KDA==",
      "requires": {
        "@babel/runtime": "^7.22.6",
        "@mui/private-theming": "^5.14.4",
        "@mui/styled-engine": "^5.13.2",
        "@mui/types": "^7.2.4",
        "@mui/utils": "^5.14.4",
        "clsx": "^2.0.0",
        "csstype": "^3.1.2",
        "prop-types": "^15.8.1"
      }
    },
    "@mui/types": {
      "version": "7.2.4",
      "resolved": "https://registry.npmjs.org/@mui/types/-/types-7.2.4.tgz",
      "integrity": "sha512-LBcwa8rN84bKF+f5sDyku42w1NTxaPgPyYKODsh01U1fVstTClbUoSA96oyRBnSNyEiAVjKm6Gwx9vjR+xyqHA=="
    },
    "@mui/utils": {
      "version": "5.14.4",
      "resolved": "https://registry.npmjs.org/@mui/utils/-/utils-5.14.4.tgz",
      "integrity": "sha512-4ANV0txPD3x0IcTCSEHKDWnsutg1K3m6Vz5IckkbLXVYu17oOZCVUdOKsb/txUmaCd0v0PmSRe5PW+Mlvns5dQ==",
      "requires": {
        "@babel/runtime": "^7.22.6",
        "@types/prop-types": "^15.7.5",
        "@types/react-is": "^18.2.1",
        "prop-types": "^15.8.1",
        "react-is": "^18.2.0"
      }
    },
    "@popperjs/core": {
      "version": "2.11.8",
      "resolved": "https://registry.npmjs.org/@popperjs/core/-/core-2.11.8.tgz",
      "integrity": "sha512-P1st0aksCrn9sGZhp8GMYwBnQsbvAWsZAX44oXNNvLHGqAOcoVxmjZiohstwQ7SqKnbR47akdNi+uleWD8+g6A=="
    },
    "@types/prop-types": {
      "version": "15.7.5",
      "resolved": "https://registry.npmjs.org/@types/prop-types/-/prop-types-15.7.5.tgz",
      "integrity": "sha512-JCB8C6SnDoQf0cNycqd/35A7MjcnK+ZTqE7judS6o7utxUCg6imJg3QK2qzHKszlTjcj2cn+NwMB2i96ubpj7w=="
    },
    "@types/react": {
      "version": "18.2.19",
      "resolved": "https://registry.npmjs.org/@types/react/-/react-18.2.19.tgz",
      "integrity": "sha512-e2S8wmY1ePfM517PqCG80CcE48Xs5k0pwJzuDZsfE8IZRRBfOMCF+XqnFxu6mWtyivum1MQm4aco+WIt6Coimw==",
      "requires": {
        "@types/prop-types": "*",
        "@types/scheduler": "*",
        "csstype": "^3.0.2"
      }
    },
    "@types/react-is": {
      "version": "18.2.1",
      "resolved": "https://registry.npmjs.org/@types/react-is/-/react-is-18.2.1.tgz",
      "integrity": "sha512-wyUkmaaSZEzFZivD8F2ftSyAfk6L+DfFliVj/mYdOXbVjRcS87fQJLTnhk6dRZPuJjI+9g6RZJO4PNCngUrmyw==",
      "requires": {
        "@types/react": "*"
      }
    },
    "@types/scheduler": {
      "version": "0.16.3",
      "resolved": "https://registry.npmjs.org/@types/scheduler/-/scheduler-0.16.3.tgz",
      "integrity": "sha512-5cJ8CB4yAx7BH1oMvdU0Jh9lrEXyPkar6F9G/ERswkCuvP4KQZfZkSjcMbAICCpQTN4OuZn8tz0HiKv9TGZgrQ=="
    },
    "buffer-writer": {
      "version": "2.0.0",
      "resolved": "https://registry.npmjs.org/buffer-writer/-/buffer-writer-2.0.0.tgz",
      "integrity": "sha512-a7ZpuTZU1TRtnwyCNW3I5dc0wWNC3VR9S++Ewyk2HHZdrO3CQJqSpd+95Us590V6AL7JqUAH2IwZ/398PmNFgw=="
    },
    "clsx": {
      "version": "2.0.0",
      "resolved": "https://registry.npmjs.org/clsx/-/clsx-2.0.0.tgz",
      "integrity": "sha512-rQ1+kcj+ttHG0MKVGBUXwayCCF1oh39BF5COIpRzuCEv8Mwjv0XucrI2ExNTOn9IlLifGClWQcU9BrZORvtw6Q=="
    },
    "csstype": {
      "version": "3.1.2",
      "resolved": "https://registry.npmjs.org/csstype/-/csstype-3.1.2.tgz",
      "integrity": "sha512-I7K1Uu0MBPzaFKg4nI5Q7Vs2t+3gWWW648spaF+Rg7pI9ds18Ugn+lvg4SHczUdKlHI5LWBXyqfS8+DufyBsgQ=="
    },
    "js-tokens": {
      "version": "4.0.0",
      "resolved": "https://registry.npmjs.org/js-tokens/-/js-tokens-4.0.0.tgz",
      "integrity": "sha512-RdJUflcE3cUzKiMqQgsCu06FPu9UdIJO0beYbPhHN4k6apgJtifcoCtT9bcxOpYBtpD2kCM6Sbzg4CausW/PKQ=="
    },
    "loose-envify": {
      "version": "1.4.0",
      "resolved": "https://registry.npmjs.org/loose-envify/-/loose-envify-1.4.0.tgz",
      "integrity": "sha512-lyuxPGr/Wfhrlem2CL/UcnUc1zcqKAImBDzukY7Y5F/yQiNdko6+fRLevlw1HgMySw7f611UIY408EtxRSoK3Q==",
      "requires": {
        "js-tokens": "^3.0.0 || ^4.0.0"
      }
    },
    "object-assign": {
      "version": "4.1.1",
      "resolved": "https://registry.npmjs.org/object-assign/-/object-assign-4.1.1.tgz",
      "integrity": "sha512-rJgTQnkUnH1sFw8yT6VSU3zD3sWmu6sZhIseY8VX+GRu3P6F7Fu+JNDoXfklElbLJSnc3FUQHVe4cU5hj+BcUg=="
    },
    "packet-reader": {
      "version": "1.0.0",
      "resolved": "https://registry.npmjs.org/packet-reader/-/packet-reader-1.0.0.tgz",
      "integrity": "sha512-HAKu/fG3HpHFO0AA8WE8q2g+gBJaZ9MG7fcKk+IJPLTGAD6Psw4443l+9DGRbOIh3/aXr7Phy0TjilYivJo5XQ=="
    },
    "pg": {
      "version": "8.11.1",
      "resolved": "https://registry.npmjs.org/pg/-/pg-8.11.1.tgz",
      "integrity": "sha512-utdq2obft07MxaDg0zBJI+l/M3mBRfIpEN3iSemsz0G5F2/VXx+XzqF4oxrbIZXQxt2AZzIUzyVg/YM6xOP/WQ==",
      "requires": {
        "buffer-writer": "2.0.0",
        "packet-reader": "1.0.0",
        "pg-cloudflare": "^1.1.1",
        "pg-connection-string": "^2.6.1",
        "pg-pool": "^3.6.1",
        "pg-protocol": "^1.6.0",
        "pg-types": "^2.1.0",
        "pgpass": "1.x"
      }
    },
    "pg-cloudflare": {
      "version": "1.1.1",
      "resolved": "https://registry.npmjs.org/pg-cloudflare/-/pg-cloudflare-1.1.1.tgz",
      "integrity": "sha512-xWPagP/4B6BgFO+EKz3JONXv3YDgvkbVrGw2mTo3D6tVDQRh1e7cqVGvyR3BE+eQgAvx1XhW/iEASj4/jCWl3Q=="
    },
    "pg-connection-string": {
      "version": "2.6.1",
      "resolved": "https://registry.npmjs.org/pg-connection-string/-/pg-connection-string-2.6.1.tgz",
      "integrity": "sha512-w6ZzNu6oMmIzEAYVw+RLK0+nqHPt8K3ZnknKi+g48Ak2pr3dtljJW3o+D/n2zzCG07Zoe9VOX3aiKpj+BN0pjg=="
    },
    "pg-int8": {
      "version": "1.0.1",
      "resolved": "https://registry.npmjs.org/pg-int8/-/pg-int8-1.0.1.tgz",
      "integrity": "sha512-WCtabS6t3c8SkpDBUlb1kjOs7l66xsGdKpIPZsg4wR+B3+u9UAum2odSsF9tnvxg80h4ZxLWMy4pRjOsFIqQpw=="
    },
    "pg-pool": {
      "version": "3.6.1",
      "resolved": "https://registry.npmjs.org/pg-pool/-/pg-pool-3.6.1.tgz",
      "integrity": "sha512-jizsIzhkIitxCGfPRzJn1ZdcosIt3pz9Sh3V01fm1vZnbnCMgmGl5wvGGdNN2EL9Rmb0EcFoCkixH4Pu+sP9Og=="
    },
    "pg-protocol": {
      "version": "1.6.0",
      "resolved": "https://registry.npmjs.org/pg-protocol/-/pg-protocol-1.6.0.tgz",
      "integrity": "sha512-M+PDm637OY5WM307051+bsDia5Xej6d9IR4GwJse1qA1DIhiKlksvrneZOYQq42OM+spubpcNYEo2FcKQrDk+Q=="
    },
    "pg-types": {
      "version": "2.2.0",
      "resolved": "https://registry.npmjs.org/pg-types/-/pg-types-2.2.0.tgz",
      "integrity": "sha512-qTAAlrEsl8s4OiEQY69wDvcMIdQN6wdz5ojQiOy6YRMuynxenON0O5oCpJI6lshc6scgAY8qvJ2On/p+CXY0GA==",
      "requires": {
        "pg-int8": "1.0.1",
        "postgres-array": "~2.0.0",
        "postgres-bytea": "~1.0.0",
        "postgres-date": "~1.0.4",
        "postgres-interval": "^1.1.0"
      }
    },
    "pgpass": {
      "version": "1.0.5",
      "resolved": "https://registry.npmjs.org/pgpass/-/pgpass-1.0.5.tgz",
      "integrity": "sha512-FdW9r/jQZhSeohs1Z3sI1yxFQNFvMcnmfuj4WBMUTxOrAyLMaTcE1aAMBiTlbMNaXvBCQuVi0R7hd8udDSP7ug==",
      "requires": {
        "split2": "^4.1.0"
      }
    },
    "postgres-array": {
      "version": "2.0.0",
      "resolved": "https://registry.npmjs.org/postgres-array/-/postgres-array-2.0.0.tgz",
      "integrity": "sha512-VpZrUqU5A69eQyW2c5CA1jtLecCsN2U/bD6VilrFDWq5+5UIEVO7nazS3TEcHf1zuPYO/sqGvUvW62g86RXZuA=="
    },
    "postgres-bytea": {
      "version": "1.0.0",
      "resolved": "https://registry.npmjs.org/postgres-bytea/-/postgres-bytea-1.0.0.tgz",
      "integrity": "sha512-xy3pmLuQqRBZBXDULy7KbaitYqLcmxigw14Q5sj8QBVLqEwXfeybIKVWiqAXTlcvdvb0+xkOtDbfQMOf4lST1w=="
    },
    "postgres-date": {
      "version": "1.0.7",
      "resolved": "https://registry.npmjs.org/postgres-date/-/postgres-date-1.0.7.tgz",
      "integrity": "sha512-suDmjLVQg78nMK2UZ454hAG+OAW+HQPZ6n++TNDUX+L0+uUlLywnoxJKDou51Zm+zTCjrCl0Nq6J9C5hP9vK/Q=="
    },
    "postgres-interval": {
      "version": "1.2.0",
      "resolved": "https://registry.npmjs.org/postgres-interval/-/postgres-interval-1.2.0.tgz",
      "integrity": "sha512-9ZhXKM/rw350N1ovuWHbGxnGh/SNJ4cnxHiM0rxE4VN41wsg8P8zWn9hv/buK00RP4WvlOyr/RBDiptyxVbkZQ==",
      "requires": {
        "xtend": "^4.0.0"
      }
    },
    "prop-types": {
      "version": "15.8.1",
      "resolved": "https://registry.npmjs.org/prop-types/-/prop-types-15.8.1.tgz",
      "integrity": "sha512-oj87CgZICdulUohogVAR7AjlC0327U4el4L6eAvOqCeudMDVU0NThNaV+b9Df4dXgSP1gXMTnPdhfe/2qDH5cg==",
      "requires": {
        "loose-envify": "^1.4.0",
        "object-assign": "^4.1.1",
        "react-is": "^16.13.1"
      },
      "dependencies": {
        "react-is": {
          "version": "16.13.1",
          "resolved": "https://registry.npmjs.org/react-is/-/react-is-16.13.1.tgz",
          "integrity": "sha512-24e6ynE2H+OKt4kqsOvNd8kBpV65zoxbA4BVsEOB3ARVWQki/DHzaUoC5KuON/BiccDaCCTZBuOcfZs70kR8bQ=="
        }
      }
    },
    "react-is": {
      "version": "18.2.0",
      "resolved": "https://registry.npmjs.org/react-is/-/react-is-18.2.0.tgz",
      "integrity": "sha512-xWGDIW6x921xtzPkhiULtthJHoJvBbF3q26fzloPCK0hsvxtPVelvftw3zjbHWSkR2km9Z+4uxbDDK/6Zw9B8w=="
    },
    "regenerator-runtime": {
      "version": "0.14.0",
      "resolved": "https://registry.npmjs.org/regenerator-runtime/-/regenerator-runtime-0.14.0.tgz",
      "integrity": "sha512-srw17NI0TUWHuGa5CFGGmhfNIeja30WMBfbslPNhf6JrqQlLN5gcrvig1oqPxiVaXb0oW0XRKtH6Nngs5lKCIA=="
    },
    "split2": {
      "version": "4.2.0",
      "resolved": "https://registry.npmjs.org/split2/-/split2-4.2.0.tgz",
      "integrity": "sha512-UcjcJOWknrNkF6PLX83qcHM6KHgVKNkV62Y8a5uYDVv9ydGQVwAHMKqHdJje1VTWpljG0WYpCDhrCdAOYH4TWg=="
    },
    "stylis": {
      "version": "4.2.0",
      "resolved": "https://registry.npmjs.org/stylis/-/stylis-4.2.0.tgz",
      "integrity": "sha512-Orov6g6BB1sDfYgzWfTHDOxamtX1bE/zo104Dh9e6fqJ3PooipYyfJ0pUmrZO2wAvO8YbEyeFrkV91XTsGMSrw=="
    },
    "xtend": {
      "version": "4.0.2",
      "resolved": "https://registry.npmjs.org/xtend/-/xtend-4.0.2.tgz",
      "integrity": "sha512-LKYU1iAXJXUgAXn9URjiu+MWhyUXHsvfp7mcuYm9dSUKK0/CjtrUwFAxD82/mCWbtLsGjFIad0wIsod4zrTAEQ=="
    }
  }
}
